
Microsoft Visual Studio Solution File, Format Version 12.00
# Visual Studio Version 17
VisualStudioVersion = 17.9.34622.214
MinimumVisualStudioVersion = 10.0.40219.1
Project("{FAE04EC0-301F-11D3-BF4B-00C04F79EFBC}") = "BCSH2_sem", "BCSH2_sem\BCSH2_sem.csproj", "{9AF59700-0F9F-4FED-833F-A13655F5DB53}"
EndProject
Global
	GlobalSection(SolutionConfigurationPlatforms) = preSolution
		Debug|Any CPU = Debug|Any CPU
		Release|Any CPU = Release|Any CPU
	EndGlobalSection
	GlobalSection(ProjectConfigurationPlatforms) = postSolution
		{9AF59700-0F9F-4FED-833F-A13655F5DB53}.Debug|Any CPU.ActiveCfg = Debug|Any CPU
		{9AF59700-0F9F-4FED-833F-A13655F5DB53}.Debug|Any CPU.Build.0 = Debug|Any CPU
		{9AF59700-0F9F-4FED-833F-A13655F5DB53}.Release|Any CPU.ActiveCfg = Release|Any CPU
		{9AF59700-0F9F-4FED-833F-A13655F5DB53}.Release|Any CPU.Build.0 = Release|Any CPU
	EndGlobalSection
	GlobalSection(SolutionProperties) = preSolution
		HideSolutionNode = FALSE
	EndGlobalSection
	GlobalSection(ExtensibilityGlobals) = postSolution
		SolutionGuid = {5A45DBA8-3D74-4C9A-AEE9-6BA5FED08512}
	EndGlobalSection
EndGlobal
